# THIS IS AN AUTOGENERATED FILE. DO NOT EDIT THIS FILE DIRECTLY.
# yarn lockfile v1


checka11y-css@^1.2.0:
  version "1.2.0"
  resolved "https://registry.yarnpkg.com/checka11y-css/-/checka11y-css-1.2.0.tgz#60ab6156d4d883860256968e92cbc1710b2c6838"
  integrity sha512-kjDSHgWo94mv4RwbKzGe9WMukIdGLUz4yB2OsRgHbIib37Gy+9xGmr0NIY8yq+kvxsQDakcum1L1I3J8h86bUQ==
